
Microsoft Visual Studio Solution File, Format Version 12.00
# Visual Studio Version 17
VisualStudioVersion = 17.4.33205.214
MinimumVisualStudioVersion = 10.0.40219.1
Project("{FAE04EC0-301F-11D3-BF4B-00C04F79EFBC}") = "FancyFlashies", "FancyFlashies.csproj", "{1352BDD8-E48C-45F3-B62D-B5C225767479}"
EndProject
Global
	GlobalSection(SolutionConfigurationPlatforms) = preSolution
		Debug|Any CPU = Debug|Any CPU
		Release|Any CPU = Release|Any CPU
	EndGlobalSection
	GlobalSection(ProjectConfigurationPlatforms) = postSolution
		{1352BDD8-E48C-45F3-B62D-B5C225767479}.Debug|Any CPU.ActiveCfg = Debug|Any CPU
		{1352BDD8-E48C-45F3-B62D-B5C225767479}.Debug|Any CPU.Build.0 = Debug|Any CPU
		{1352BDD8-E48C-45F3-B62D-B5C225767479}.Release|Any CPU.ActiveCfg = Release|Any CPU
		{1352BDD8-E48C-45F3-B62D-B5C225767479}.Release|Any CPU.Build.0 = Release|Any CPU
	EndGlobalSection
	GlobalSection(SolutionProperties) = preSolution
		HideSolutionNode = FALSE
	EndGlobalSection
	GlobalSection(ExtensibilityGlobals) = postSolution
		SolutionGuid = {0A05046C-7A84-4398-90CA-9BE2C836364C}
	EndGlobalSection
EndGlobal
